// !$*UTF8*$!
{
	archiveVersion = 1;
	classes = {
	};
	objectVersion = 46;
	objects = {

/* Begin PBXBuildFile section */
		8B36FFF41B972B980004A772 /* ProjectDetailsController.swift in Sources */ = {isa = PBXBuildFile; fileRef = 8B36FFF31B972B980004A772 /* ProjectDetailsController.swift */; };
		8B36FFF81B97314F0004A772 /* Project.swift in Sources */ = {isa = PBXBuildFile; fileRef = 8B36FFF61B97314F0004A772 /* Project.swift */; };
		8B36FFF91B97314F0004A772 /* Projects.swift in Sources */ = {isa = PBXBuildFile; fileRef = 8B36FFF71B97314F0004A772 /* Projects.swift */; };
		8B4B06C11B9716EF00873C5A /* ProjectTableRow.swift in Sources */ = {isa = PBXBuildFile; fileRef = 8B4B06C01B9716EF00873C5A /* ProjectTableRow.swift */; };
		8B657B721B99F7140031E548 /* AutoCoded.swift in Sources */ = {isa = PBXBuildFile; fileRef = 8B657B711B99F7140031E548 /* AutoCoded.swift */; };
		8B69E5101B8F73F900E82C5F /* AppDelegate.swift in Sources */ = {isa = PBXBuildFile; fileRef = 8B69E50F1B8F73F900E82C5F /* AppDelegate.swift */; };
		8B69E5121B8F73F900E82C5F /* ViewController.swift in Sources */ = {isa = PBXBuildFile; fileRef = 8B69E5111B8F73F900E82C5F /* ViewController.swift */; };
		8B69E5151B8F73F900E82C5F /* Main.storyboard in Resources */ = {isa = PBXBuildFile; fileRef = 8B69E5131B8F73F900E82C5F /* Main.storyboard */; };
		8B69E5171B8F73F900E82C5F /* Images.xcassets in Resources */ = {isa = PBXBuildFile; fileRef = 8B69E5161B8F73F900E82C5F /* Images.xcassets */; };
		8B69E51A1B8F73F900E82C5F /* LaunchScreen.xib in Resources */ = {isa = PBXBuildFile; fileRef = 8B69E5181B8F73F900E82C5F /* LaunchScreen.xib */; };
		8B69E5261B8F73F900E82C5F /* CDM_GoTests.swift in Sources */ = {isa = PBXBuildFile; fileRef = 8B69E5251B8F73F900E82C5F /* CDM_GoTests.swift */; };
		8B69E5391B8F742900E82C5F /* InterfaceController.swift in Sources */ = {isa = PBXBuildFile; fileRef = 8B69E5381B8F742900E82C5F /* InterfaceController.swift */; };
		8B69E53B1B8F742900E82C5F /* NotificationController.swift in Sources */ = {isa = PBXBuildFile; fileRef = 8B69E53A1B8F742900E82C5F /* NotificationController.swift */; };
		8B69E53D1B8F742900E82C5F /* GlanceController.swift in Sources */ = {isa = PBXBuildFile; fileRef = 8B69E53C1B8F742900E82C5F /* GlanceController.swift */; };
		8B69E53F1B8F742900E82C5F /* Images.xcassets in Resources */ = {isa = PBXBuildFile; fileRef = 8B69E53E1B8F742900E82C5F /* Images.xcassets */; };
		8B69E5431B8F742900E82C5F /* CDM Go WatchKit App.app in Resources */ = {isa = PBXBuildFile; fileRef = 8B69E5421B8F742900E82C5F /* CDM Go WatchKit App.app */; };
		8B69E54B1B8F742900E82C5F /* Interface.storyboard in Resources */ = {isa = PBXBuildFile; fileRef = 8B69E5491B8F742900E82C5F /* Interface.storyboard */; };
		8B69E54D1B8F742900E82C5F /* Images.xcassets in Resources */ = {isa = PBXBuildFile; fileRef = 8B69E54C1B8F742900E82C5F /* Images.xcassets */; };
		8B69E5501B8F742900E82C5F /* CDM Go WatchKit Extension.appex in Embed App Extensions */ = {isa = PBXBuildFile; fileRef = 8B69E5331B8F742800E82C5F /* CDM Go WatchKit Extension.appex */; settings = {ATTRIBUTES = (RemoveHeadersOnCopy, ); }; };
		8B6CFE0A1B9038AE003ECE47 /* Projects.swift in Sources */ = {isa = PBXBuildFile; fileRef = 8B6CFE091B9038AE003ECE47 /* Projects.swift */; };
		8B6CFE0C1B9038C1003ECE47 /* Project.swift in Sources */ = {isa = PBXBuildFile; fileRef = 8B6CFE0B1B9038C1003ECE47 /* Project.swift */; };
		8B6CFE121B904492003ECE47 /* ProjectsViewController.swift in Sources */ = {isa = PBXBuildFile; fileRef = 8B6CFE111B904492003ECE47 /* ProjectsViewController.swift */; };
		8B6CFE141B9060D2003ECE47 /* ProjectTableCell.swift in Sources */ = {isa = PBXBuildFile; fileRef = 8B6CFE131B9060D2003ECE47 /* ProjectTableCell.swift */; };
		8B9EE6951B9A226E00FFC356 /* ProjectDetailListItemsRow.swift in Sources */ = {isa = PBXBuildFile; fileRef = 8B9EE6941B9A226E00FFC356 /* ProjectDetailListItemsRow.swift */; };
		8B9EE6971B9A229700FFC356 /* ProjectDetailListTitleRow.swift in Sources */ = {isa = PBXBuildFile; fileRef = 8B9EE6961B9A229700FFC356 /* ProjectDetailListTitleRow.swift */; };
		8BF6AE7D1B9438F300E88379 /* ProjectDetailsViewController.swift in Sources */ = {isa = PBXBuildFile; fileRef = 8BF6AE7C1B9438F300E88379 /* ProjectDetailsViewController.swift */; };
/* End PBXBuildFile section */

/* Begin PBXContainerItemProxy section */
		8B69E5201B8F73F900E82C5F /* PBXContainerItemProxy */ = {
			isa = PBXContainerItemProxy;
			containerPortal = 8B69E5021B8F73F900E82C5F /* Project object */;
			proxyType = 1;
			remoteGlobalIDString = 8B69E5091B8F73F900E82C5F;
			remoteInfo = "CDM Go";
		};
		8B69E5441B8F742900E82C5F /* PBXContainerItemProxy */ = {
			isa = PBXContainerItemProxy;
			containerPortal = 8B69E5021B8F73F900E82C5F /* Project object */;
			proxyType = 1;
			remoteGlobalIDString = 8B69E5411B8F742900E82C5F;
			remoteInfo = "CDM Go WatchKit App";
		};
		8B69E54E1B8F742900E82C5F /* PBXContainerItemProxy */ = {
			isa = PBXContainerItemProxy;
			containerPortal = 8B69E5021B8F73F900E82C5F /* Project object */;
			proxyType = 1;
			remoteGlobalIDString = 8B69E5321B8F742800E82C5F;
			remoteInfo = "CDM Go WatchKit Extension";
		};
/* End PBXContainerItemProxy section */

/* Begin PBXCopyFilesBuildPhase section */
		8B69E5571B8F742900E82C5F /* Embed App Extensions */ = {
			isa = PBXCopyFilesBuildPhase;
			buildActionMask = 2147483647;
			dstPath = "";
			dstSubfolderSpec = 13;
			files = (
				8B69E5501B8F742900E82C5F /* CDM Go WatchKit Extension.appex in Embed App Extensions */,
			);
			name = "Embed App Extensions";
			runOnlyForDeploymentPostprocessing = 0;
		};
/* End PBXCopyFilesBuildPhase section */

/* Begin PBXFileReference section */
		8B36FFF31B972B980004A772 /* ProjectDetailsController.swift */ = {isa = PBXFileReference; fileEncoding = 4; lastKnownFileType = sourcecode.swift; path = ProjectDetailsController.swift; sourceTree = "<group>"; };
		8B36FFF61B97314F0004A772 /* Project.swift */ = {isa = PBXFileReference; fileEncoding = 4; lastKnownFileType = sourcecode.swift; path = Project.swift; sourceTree = "<group>"; };
		8B36FFF71B97314F0004A772 /* Projects.swift */ = {isa = PBXFileReference; fileEncoding = 4; lastKnownFileType = sourcecode.swift; path = Projects.swift; sourceTree = "<group>"; };
		8B4161961B9AFFF700077D91 /* Header.h */ = {isa = PBXFileReference; lastKnownFileType = sourcecode.c.h; path = Header.h; sourceTree = "<group>"; };
		8B4B06C01B9716EF00873C5A /* ProjectTableRow.swift */ = {isa = PBXFileReference; fileEncoding = 4; lastKnownFileType = sourcecode.swift; path = ProjectTableRow.swift; sourceTree = "<group>"; };
		8B657B711B99F7140031E548 /* AutoCoded.swift */ = {isa = PBXFileReference; fileEncoding = 4; lastKnownFileType = sourcecode.swift; path = AutoCoded.swift; sourceTree = "<group>"; };
		8B69E50A1B8F73F900E82C5F /* CDM Go.app */ = {isa = PBXFileReference; explicitFileType = wrapper.application; includeInIndex = 0; path = "CDM Go.app"; sourceTree = BUILT_PRODUCTS_DIR; };
		8B69E50E1B8F73F900E82C5F /* Info.plist */ = {isa = PBXFileReference; lastKnownFileType = text.plist.xml; path = Info.plist; sourceTree = "<group>"; };
		8B69E50F1B8F73F900E82C5F /* AppDelegate.swift */ = {isa = PBXFileReference; lastKnownFileType = sourcecode.swift; path = AppDelegate.swift; sourceTree = "<group>"; };
		8B69E5111B8F73F900E82C5F /* ViewController.swift */ = {isa = PBXFileReference; lastKnownFileType = sourcecode.swift; path = ViewController.swift; sourceTree = "<group>"; };
		8B69E5141B8F73F900E82C5F /* Base */ = {isa = PBXFileReference; lastKnownFileType = file.storyboard; name = Base; path = Base.lproj/Main.storyboard; sourceTree = "<group>"; };
		8B69E5161B8F73F900E82C5F /* Images.xcassets */ = {isa = PBXFileReference; lastKnownFileType = folder.assetcatalog; path = Images.xcassets; sourceTree = "<group>"; };
		8B69E5191B8F73F900E82C5F /* Base */ = {isa = PBXFileReference; lastKnownFileType = file.xib; name = Base; path = Base.lproj/LaunchScreen.xib; sourceTree = "<group>"; };
		8B69E51F1B8F73F900E82C5F /* CDM GoTests.xctest */ = {isa = PBXFileReference; explicitFileType = wrapper.cfbundle; includeInIndex = 0; path = "CDM GoTests.xctest"; sourceTree = BUILT_PRODUCTS_DIR; };
		8B69E5241B8F73F900E82C5F /* Info.plist */ = {isa = PBXFileReference; lastKnownFileType = text.plist.xml; path = Info.plist; sourceTree = "<group>"; };
		8B69E5251B8F73F900E82C5F /* CDM_GoTests.swift */ = {isa = PBXFileReference; lastKnownFileType = sourcecode.swift; path = CDM_GoTests.swift; sourceTree = "<group>"; };
		8B69E5331B8F742800E82C5F /* CDM Go WatchKit Extension.appex */ = {isa = PBXFileReference; explicitFileType = "wrapper.app-extension"; includeInIndex = 0; path = "CDM Go WatchKit Extension.appex"; sourceTree = BUILT_PRODUCTS_DIR; };
		8B69E5361B8F742900E82C5F /* Info.plist */ = {isa = PBXFileReference; lastKnownFileType = text.plist.xml; path = Info.plist; sourceTree = "<group>"; };
		8B69E5371B8F742900E82C5F /* PushNotificationPayload.apns */ = {isa = PBXFileReference; lastKnownFileType = text; path = PushNotificationPayload.apns; sourceTree = "<group>"; };
		8B69E5381B8F742900E82C5F /* InterfaceController.swift */ = {isa = PBXFileReference; lastKnownFileType = sourcecode.swift; path = InterfaceController.swift; sourceTree = "<group>"; };
		8B69E53A1B8F742900E82C5F /* NotificationController.swift */ = {isa = PBXFileReference; lastKnownFileType = sourcecode.swift; path = NotificationController.swift; sourceTree = "<group>"; };
		8B69E53C1B8F742900E82C5F /* GlanceController.swift */ = {isa = PBXFileReference; lastKnownFileType = sourcecode.swift; path = GlanceController.swift; sourceTree = "<group>"; };
		8B69E53E1B8F742900E82C5F /* Images.xcassets */ = {isa = PBXFileReference; lastKnownFileType = folder.assetcatalog; path = Images.xcassets; sourceTree = "<group>"; };
		8B69E5421B8F742900E82C5F /* CDM Go WatchKit App.app */ = {isa = PBXFileReference; explicitFileType = wrapper.application; includeInIndex = 0; path = "CDM Go WatchKit App.app"; sourceTree = BUILT_PRODUCTS_DIR; };
		8B69E5481B8F742900E82C5F /* Info.plist */ = {isa = PBXFileReference; lastKnownFileType = text.plist.xml; path = Info.plist; sourceTree = "<group>"; };
		8B69E54A1B8F742900E82C5F /* Base */ = {isa = PBXFileReference; lastKnownFileType = file.storyboard; name = Base; path = Base.lproj/Interface.storyboard; sourceTree = "<group>"; };
		8B69E54C1B8F742900E82C5F /* Images.xcassets */ = {isa = PBXFileReference; lastKnownFileType = folder.assetcatalog; path = Images.xcassets; sourceTree = "<group>"; };
		8B6CFE091B9038AE003ECE47 /* Projects.swift */ = {isa = PBXFileReference; fileEncoding = 4; lastKnownFileType = sourcecode.swift; path = Projects.swift; sourceTree = "<group>"; };
		8B6CFE0B1B9038C1003ECE47 /* Project.swift */ = {isa = PBXFileReference; fileEncoding = 4; lastKnownFileType = sourcecode.swift; path = Project.swift; sourceTree = "<group>"; };
		8B6CFE111B904492003ECE47 /* ProjectsViewController.swift */ = {isa = PBXFileReference; fileEncoding = 4; lastKnownFileType = sourcecode.swift; path = ProjectsViewController.swift; sourceTree = "<group>"; };
		8B6CFE131B9060D2003ECE47 /* ProjectTableCell.swift */ = {isa = PBXFileReference; fileEncoding = 4; lastKnownFileType = sourcecode.swift; path = ProjectTableCell.swift; sourceTree = "<group>"; };
		8B9EE6941B9A226E00FFC356 /* ProjectDetailListItemsRow.swift */ = {isa = PBXFileReference; fileEncoding = 4; lastKnownFileType = sourcecode.swift; path = ProjectDetailListItemsRow.swift; sourceTree = "<group>"; };
		8B9EE6961B9A229700FFC356 /* ProjectDetailListTitleRow.swift */ = {isa = PBXFileReference; fileEncoding = 4; lastKnownFileType = sourcecode.swift; path = ProjectDetailListTitleRow.swift; sourceTree = "<group>"; };
		8BF6AE7C1B9438F300E88379 /* ProjectDetailsViewController.swift */ = {isa = PBXFileReference; fileEncoding = 4; lastKnownFileType = sourcecode.swift; path = ProjectDetailsViewController.swift; sourceTree = "<group>"; };
/* End PBXFileReference section */

/* Begin PBXFrameworksBuildPhase section */
		8B69E5071B8F73F900E82C5F /* Frameworks */ = {
			isa = PBXFrameworksBuildPhase;
			buildActionMask = 2147483647;
			files = (
			);
			runOnlyForDeploymentPostprocessing = 0;
		};
		8B69E51C1B8F73F900E82C5F /* Frameworks */ = {
			isa = PBXFrameworksBuildPhase;
			buildActionMask = 2147483647;
			files = (
			);
			runOnlyForDeploymentPostprocessing = 0;
		};
		8B69E5301B8F742800E82C5F /* Frameworks */ = {
			isa = PBXFrameworksBuildPhase;
			buildActionMask = 2147483647;
			files = (
			);
			runOnlyForDeploymentPostprocessing = 0;
		};
/* End PBXFrameworksBuildPhase section */

/* Begin PBXGroup section */
		8B36FFF51B97314F0004A772 /* Model */ = {
			isa = PBXGroup;
			children = (
				8B36FFF61B97314F0004A772 /* Project.swift */,
				8B36FFF71B97314F0004A772 /* Projects.swift */,
			);
			path = Model;
			sourceTree = "<group>";
		};
		8B69E5011B8F73F900E82C5F = {
			isa = PBXGroup;
			children = (
				8B6CFE081B903891003ECE47 /* Model */,
				8B69E50C1B8F73F900E82C5F /* CDM Go */,
				8B69E5221B8F73F900E82C5F /* CDM GoTests */,
				8B69E5341B8F742800E82C5F /* CDM Go WatchKit Extension */,
				8B69E5461B8F742900E82C5F /* CDM Go WatchKit App */,
				8B69E50B1B8F73F900E82C5F /* Products */,
			);
			sourceTree = "<group>";
		};
		8B69E50B1B8F73F900E82C5F /* Products */ = {
			isa = PBXGroup;
			children = (
				8B69E50A1B8F73F900E82C5F /* CDM Go.app */,
				8B69E51F1B8F73F900E82C5F /* CDM GoTests.xctest */,
				8B69E5331B8F742800E82C5F /* CDM Go WatchKit Extension.appex */,
				8B69E5421B8F742900E82C5F /* CDM Go WatchKit App.app */,
			);
			name = Products;
			sourceTree = "<group>";
		};
		8B69E50C1B8F73F900E82C5F /* CDM Go */ = {
			isa = PBXGroup;
			children = (
				8B69E50F1B8F73F900E82C5F /* AppDelegate.swift */,
				8B69E5111B8F73F900E82C5F /* ViewController.swift */,
				8B6CFE111B904492003ECE47 /* ProjectsViewController.swift */,
				8B6CFE131B9060D2003ECE47 /* ProjectTableCell.swift */,
				8BF6AE7C1B9438F300E88379 /* ProjectDetailsViewController.swift */,
				8B69E5131B8F73F900E82C5F /* Main.storyboard */,
				8B69E5161B8F73F900E82C5F /* Images.xcassets */,
				8B69E5181B8F73F900E82C5F /* LaunchScreen.xib */,
				8B69E50D1B8F73F900E82C5F /* Supporting Files */,
				8B4161961B9AFFF700077D91 /* Header.h */,
			);
			path = "CDM Go";
			sourceTree = "<group>";
		};
		8B69E50D1B8F73F900E82C5F /* Supporting Files */ = {
			isa = PBXGroup;
			children = (
				8B69E50E1B8F73F900E82C5F /* Info.plist */,
			);
			name = "Supporting Files";
			sourceTree = "<group>";
		};
		8B69E5221B8F73F900E82C5F /* CDM GoTests */ = {
			isa = PBXGroup;
			children = (
				8B69E5251B8F73F900E82C5F /* CDM_GoTests.swift */,
				8B69E5231B8F73F900E82C5F /* Supporting Files */,
			);
			path = "CDM GoTests";
			sourceTree = "<group>";
		};
		8B69E5231B8F73F900E82C5F /* Supporting Files */ = {
			isa = PBXGroup;
			children = (
				8B69E5241B8F73F900E82C5F /* Info.plist */,
			);
			name = "Supporting Files";
			sourceTree = "<group>";
		};
		8B69E5341B8F742800E82C5F /* CDM Go WatchKit Extension */ = {
			isa = PBXGroup;
			children = (
				8B69E5381B8F742900E82C5F /* InterfaceController.swift */,
				8B4B06C01B9716EF00873C5A /* ProjectTableRow.swift */,
				8B36FFF31B972B980004A772 /* ProjectDetailsController.swift */,
				8B69E53A1B8F742900E82C5F /* NotificationController.swift */,
				8B69E53C1B8F742900E82C5F /* GlanceController.swift */,
				8B69E53E1B8F742900E82C5F /* Images.xcassets */,
				8B36FFF51B97314F0004A772 /* Model */,
				8B69E5351B8F742900E82C5F /* Supporting Files */,
				8B9EE6941B9A226E00FFC356 /* ProjectDetailListItemsRow.swift */,
				8B9EE6961B9A229700FFC356 /* ProjectDetailListTitleRow.swift */,
			);
			path = "CDM Go WatchKit Extension";
			sourceTree = "<group>";
		};
		8B69E5351B8F742900E82C5F /* Supporting Files */ = {
			isa = PBXGroup;
			children = (
				8B69E5361B8F742900E82C5F /* Info.plist */,
				8B69E5371B8F742900E82C5F /* PushNotificationPayload.apns */,
			);
			name = "Supporting Files";
			sourceTree = "<group>";
		};
		8B69E5461B8F742900E82C5F /* CDM Go WatchKit App */ = {
			isa = PBXGroup;
			children = (
				8B69E5491B8F742900E82C5F /* Interface.storyboard */,
				8B69E54C1B8F742900E82C5F /* Images.xcassets */,
				8B69E5471B8F742900E82C5F /* Supporting Files */,
			);
			path = "CDM Go WatchKit App";
			sourceTree = "<group>";
		};
		8B69E5471B8F742900E82C5F /* Supporting Files */ = {
			isa = PBXGroup;
			children = (
				8B69E5481B8F742900E82C5F /* Info.plist */,
			);
			name = "Supporting Files";
			sourceTree = "<group>";
		};
		8B6CFE081B903891003ECE47 /* Model */ = {
			isa = PBXGroup;
			children = (
				8B6CFE091B9038AE003ECE47 /* Projects.swift */,
				8B6CFE0B1B9038C1003ECE47 /* Project.swift */,
				8B657B711B99F7140031E548 /* AutoCoded.swift */,
			);
			path = Model;
			sourceTree = "<group>";
		};
/* End PBXGroup section */

/* Begin PBXNativeTarget section */
		8B69E5091B8F73F900E82C5F /* CDM Go */ = {
			isa = PBXNativeTarget;
			buildConfigurationList = 8B69E5291B8F73F900E82C5F /* Build configuration list for PBXNativeTarget "CDM Go" */;
			buildPhases = (
				8B69E5061B8F73F900E82C5F /* Sources */,
				8B69E5071B8F73F900E82C5F /* Frameworks */,
				8B69E5081B8F73F900E82C5F /* Resources */,
				8B69E5571B8F742900E82C5F /* Embed App Extensions */,
			);
			buildRules = (
			);
			dependencies = (
				8B69E54F1B8F742900E82C5F /* PBXTargetDependency */,
			);
			name = "CDM Go";
			productName = "CDM Go";
			productReference = 8B69E50A1B8F73F900E82C5F /* CDM Go.app */;
			productType = "com.apple.product-type.application";
		};
		8B69E51E1B8F73F900E82C5F /* CDM GoTests */ = {
			isa = PBXNativeTarget;
			buildConfigurationList = 8B69E52C1B8F73F900E82C5F /* Build configuration list for PBXNativeTarget "CDM GoTests" */;
			buildPhases = (
				8B69E51B1B8F73F900E82C5F /* Sources */,
				8B69E51C1B8F73F900E82C5F /* Frameworks */,
				8B69E51D1B8F73F900E82C5F /* Resources */,
			);
			buildRules = (
			);
			dependencies = (
				8B69E5211B8F73F900E82C5F /* PBXTargetDependency */,
			);
			name = "CDM GoTests";
			productName = "CDM GoTests";
			productReference = 8B69E51F1B8F73F900E82C5F /* CDM GoTests.xctest */;
			productType = "com.apple.product-type.bundle.unit-test";
		};
		8B69E5321B8F742800E82C5F /* CDM Go WatchKit Extension */ = {
			isa = PBXNativeTarget;
			buildConfigurationList = 8B69E5541B8F742900E82C5F /* Build configuration list for PBXNativeTarget "CDM Go WatchKit Extension" */;
			buildPhases = (
				8B69E52F1B8F742800E82C5F /* Sources */,
				8B69E5301B8F742800E82C5F /* Frameworks */,
				8B69E5311B8F742800E82C5F /* Resources */,
			);
			buildRules = (
			);
			dependencies = (
				8B69E5451B8F742900E82C5F /* PBXTargetDependency */,
			);
			name = "CDM Go WatchKit Extension";
			productName = "CDM Go WatchKit Extension";
			productReference = 8B69E5331B8F742800E82C5F /* CDM Go WatchKit Extension.appex */;
			productType = "com.apple.product-type.watchkit-extension";
		};
		8B69E5411B8F742900E82C5F /* CDM Go WatchKit App */ = {
			isa = PBXNativeTarget;
			buildConfigurationList = 8B69E5511B8F742900E82C5F /* Build configuration list for PBXNativeTarget "CDM Go WatchKit App" */;
			buildPhases = (
				8B69E5401B8F742900E82C5F /* Resources */,
			);
			buildRules = (
			);
			dependencies = (
			);
			name = "CDM Go WatchKit App";
			productName = "CDM Go WatchKit App";
			productReference = 8B69E5421B8F742900E82C5F /* CDM Go WatchKit App.app */;
			productType = "com.apple.product-type.application.watchapp";
		};
/* End PBXNativeTarget section */

/* Begin PBXProject section */
		8B69E5021B8F73F900E82C5F /* Project object */ = {
			isa = PBXProject;
			attributes = {
				LastUpgradeCheck = 0640;
				ORGANIZATIONNAME = OFS;
				TargetAttributes = {
					8B69E5091B8F73F900E82C5F = {
						CreatedOnToolsVersion = 6.4;
					};
					8B69E51E1B8F73F900E82C5F = {
						CreatedOnToolsVersion = 6.4;
						TestTargetID = 8B69E5091B8F73F900E82C5F;
					};
					8B69E5321B8F742800E82C5F = {
						CreatedOnToolsVersion = 6.4;
					};
					8B69E5411B8F742900E82C5F = {
						CreatedOnToolsVersion = 6.4;
					};
				};
			};
			buildConfigurationList = 8B69E5051B8F73F900E82C5F /* Build configuration list for PBXProject "CDM Go" */;
			compatibilityVersion = "Xcode 3.2";
			developmentRegion = English;
			hasScannedForEncodings = 0;
			knownRegions = (
				en,
				Base,
			);
			mainGroup = 8B69E5011B8F73F900E82C5F;
			productRefGroup = 8B69E50B1B8F73F900E82C5F /* Products */;
			projectDirPath = "";
			projectRoot = "";
			targets = (
				8B69E5091B8F73F900E82C5F /* CDM Go */,
				8B69E51E1B8F73F900E82C5F /* CDM GoTests */,
				8B69E5321B8F742800E82C5F /* CDM Go WatchKit Extension */,
				8B69E5411B8F742900E82C5F /* CDM Go WatchKit App */,
			);
		};
/* End PBXProject section */

/* Begin PBXResourcesBuildPhase section */
		8B69E5081B8F73F900E82C5F /* Resources */ = {
			isa = PBXResourcesBuildPhase;
			buildActionMask = 2147483647;
			files = (
				8B69E5151B8F73F900E82C5F /* Main.storyboard in Resources */,
				8B69E51A1B8F73F900E82C5F /* LaunchScreen.xib in Resources */,
				8B69E5171B8F73F900E82C5F /* Images.xcassets in Resources */,
			);
			runOnlyForDeploymentPostprocessing = 0;
		};
		8B69E51D1B8F73F900E82C5F /* Resources */ = {
			isa = PBXResourcesBuildPhase;
			buildActionMask = 2147483647;
			files = (
			);
			runOnlyForDeploymentPostprocessing = 0;
		};
		8B69E5311B8F742800E82C5F /* Resources */ = {
			isa = PBXResourcesBuildPhase;
			buildActionMask = 2147483647;
			files = (
				8B69E5431B8F742900E82C5F /* CDM Go WatchKit App.app in Resources */,
				8B69E53F1B8F742900E82C5F /* Images.xcassets in Resources */,
			);
			runOnlyForDeploymentPostprocessing = 0;
		};
		8B69E5401B8F742900E82C5F /* Resources */ = {
			isa = PBXResourcesBuildPhase;
			buildActionMask = 2147483647;
			files = (
				8B69E54B1B8F742900E82C5F /* Interface.storyboard in Resources */,
				8B69E54D1B8F742900E82C5F /* Images.xcassets in Resources */,
			);
			runOnlyForDeploymentPostprocessing = 0;
		};
/* End PBXResourcesBuildPhase section */

/* Begin PBXSourcesBuildPhase section */
		8B69E5061B8F73F900E82C5F /* Sources */ = {
			isa = PBXSourcesBuildPhase;
			buildActionMask = 2147483647;
			files = (
				8B6CFE0A1B9038AE003ECE47 /* Projects.swift in Sources */,
				8B6CFE121B904492003ECE47 /* ProjectsViewController.swift in Sources */,
				8B657B721B99F7140031E548 /* AutoCoded.swift in Sources */,
				8B6CFE141B9060D2003ECE47 /* ProjectTableCell.swift in Sources */,
				8B69E5121B8F73F900E82C5F /* ViewController.swift in Sources */,
				8BF6AE7D1B9438F300E88379 /* ProjectDetailsViewController.swift in Sources */,
				8B69E5101B8F73F900E82C5F /* AppDelegate.swift in Sources */,
				8B6CFE0C1B9038C1003ECE47 /* Project.swift in Sources */,
			);
			runOnlyForDeploymentPostprocessing = 0;
		};
		8B69E51B1B8F73F900E82C5F /* Sources */ = {
			isa = PBXSourcesBuildPhase;
			buildActionMask = 2147483647;
			files = (
				8B69E5261B8F73F900E82C5F /* CDM_GoTests.swift in Sources */,
			);
			runOnlyForDeploymentPostprocessing = 0;
		};
		8B69E52F1B8F742800E82C5F /* Sources */ = {
			isa = PBXSourcesBuildPhase;
			buildActionMask = 2147483647;
			files = (
				8B36FFF91B97314F0004A772 /* Projects.swift in Sources */,
				8B69E53B1B8F742900E82C5F /* NotificationController.swift in Sources */,
				8B9EE6951B9A226E00FFC356 /* ProjectDetailListItemsRow.swift in Sources */,
				8B69E5391B8F742900E82C5F /* InterfaceController.swift in Sources */,
				8B36FFF41B972B980004A772 /* ProjectDetailsController.swift in Sources */,
				8B69E53D1B8F742900E82C5F /* GlanceController.swift in Sources */,
				8B9EE6971B9A229700FFC356 /* ProjectDetailListTitleRow.swift in Sources */,
				8B4B06C11B9716EF00873C5A /* ProjectTableRow.swift in Sources */,
				8B36FFF81B97314F0004A772 /* Project.swift in Sources */,
			);
			runOnlyForDeploymentPostprocessing = 0;
		};
/* End PBXSourcesBuildPhase section */

/* Begin PBXTargetDependency section */
		8B69E5211B8F73F900E82C5F /* PBXTargetDependency */ = {
			isa = PBXTargetDependency;
			target = 8B69E5091B8F73F900E82C5F /* CDM Go */;
			targetProxy = 8B69E5201B8F73F900E82C5F /* PBXContainerItemProxy */;
		};
		8B69E5451B8F742900E82C5F /* PBXTargetDependency */ = {
			isa = PBXTargetDependency;
			target = 8B69E5411B8F742900E82C5F /* CDM Go WatchKit App */;
			targetProxy = 8B69E5441B8F742900E82C5F /* PBXContainerItemProxy */;
		};
		8B69E54F1B8F742900E82C5F /* PBXTargetDependency */ = {
			isa = PBXTargetDependency;
			target = 8B69E5321B8F742800E82C5F /* CDM Go WatchKit Extension */;
			targetProxy = 8B69E54E1B8F742900E82C5F /* PBXContainerItemProxy */;
		};
/* End PBXTargetDependency section */

/* Begin PBXVariantGroup section */
		8B69E5131B8F73F900E82C5F /* Main.storyboard */ = {
			isa = PBXVariantGroup;
			children = (
				8B69E5141B8F73F900E82C5F /* Base */,
			);
			name = Main.storyboard;
			sourceTree = "<group>";
		};
		8B69E5181B8F73F900E82C5F /* LaunchScreen.xib */ = {
			isa = PBXVariantGroup;
			children = (
				8B69E5191B8F73F900E82C5F /* Base */,
			);
			name = LaunchScreen.xib;
			sourceTree = "<group>";
		};
		8B69E5491B8F742900E82C5F /* Interface.storyboard */ = {
			isa = PBXVariantGroup;
			children = (
				8B69E54A1B8F742900E82C5F /* Base */,
			);
			name = Interface.storyboard;
			sourceTree = "<group>";
		};
/* End PBXVariantGroup section */

/* Begin XCBuildConfiguration section */
		8B69E5271B8F73F900E82C5F /* Debug */ = {
			isa = XCBuildConfiguration;
			buildSettings = {
				ALWAYS_SEARCH_USER_PATHS = NO;
				CLANG_CXX_LANGUAGE_STANDARD = "gnu++0x";
				CLANG_CXX_LIBRARY = "libc++";
				CLANG_ENABLE_MODULES = YES;
				CLANG_ENABLE_OBJC_ARC = YES;
				CLANG_WARN_BOOL_CONVERSION = YES;
				CLANG_WARN_CONSTANT_CONVERSION = YES;
				CLANG_WARN_DIRECT_OBJC_ISA_USAGE = YES_ERROR;
				CLANG_WARN_EMPTY_BODY = YES;
				CLANG_WARN_ENUM_CONVERSION = YES;
				CLANG_WARN_INT_CONVERSION = YES;
				CLANG_WARN_OBJC_ROOT_CLASS = YES_ERROR;
				CLANG_WARN_UNREACHABLE_CODE = YES;
				CLANG_WARN__DUPLICATE_METHOD_MATCH = YES;
				CODE_SIGN_IDENTITY = "iPhone Developer: Dominic Savio (B6MERE7MVK)";
				"CODE_SIGN_IDENTITY[sdk=iphoneos*]" = "iPhone Developer";
				COPY_PHASE_STRIP = NO;
				DEBUG_INFORMATION_FORMAT = "dwarf-with-dsym";
				ENABLE_STRICT_OBJC_MSGSEND = YES;
				GCC_C_LANGUAGE_STANDARD = gnu99;
				GCC_DYNAMIC_NO_PIC = NO;
				GCC_NO_COMMON_BLOCKS = YES;
				GCC_OPTIMIZATION_LEVEL = 0;
				GCC_PREPROCESSOR_DEFINITIONS = (
					"DEBUG=1",
					"$(inherited)",
				);
				GCC_SYMBOLS_PRIVATE_EXTERN = NO;
				GCC_WARN_64_TO_32_BIT_CONVERSION = YES;
				GCC_WARN_ABOUT_RETURN_TYPE = YES_ERROR;
				GCC_WARN_UNDECLARED_SELECTOR = YES;
				GCC_WARN_UNINITIALIZED_AUTOS = YES_AGGRESSIVE;
				GCC_WARN_UNUSED_FUNCTION = YES;
				GCC_WARN_UNUSED_VARIABLE = YES;
				IPHONEOS_DEPLOYMENT_TARGET = 8.2;
				MTL_ENABLE_DEBUG_INFO = YES;
				ONLY_ACTIVE_ARCH = YES;
				SDKROOT = iphoneos;
				SWIFT_OPTIMIZATION_LEVEL = "-Onone";
			};
			name = Debug;
		};
		8B69E5281B8F73F900E82C5F /* Release */ = {
			isa = XCBuildConfiguration;
			buildSettings = {
				ALWAYS_SEARCH_USER_PATHS = NO;
				CLANG_CXX_LANGUAGE_STANDARD = "gnu++0x";
				CLANG_CXX_LIBRARY = "libc++";
				CLANG_ENABLE_MODULES = YES;
				CLANG_ENABLE_OBJC_ARC = YES;
				CLANG_WARN_BOOL_CONVERSION = YES;
				CLANG_WARN_CONSTANT_CONVERSION = YES;
				CLANG_WARN_DIRECT_OBJC_ISA_USAGE = YES_ERROR;
				CLANG_WARN_EMPTY_BODY = YES;
				CLANG_WARN_ENUM_CONVERSION = YES;
				CLANG_WARN_INT_CONVERSION = YES;
				CLANG_WARN_OBJC_ROOT_CLASS = YES_ERROR;
				CLANG_WARN_UNREACHABLE_CODE = YES;
				CLANG_WARN__DUPLICATE_METHOD_MATCH = YES;
				CODE_SIGN_IDENTITY = "iPhone Distribution: ObjectFrontier Inc";
				"CODE_SIGN_IDENTITY[sdk=iphoneos*]" = "iPhone Developer";
				COPY_PHASE_STRIP = NO;
				DEBUG_INFORMATION_FORMAT = "dwarf-with-dsym";
				ENABLE_NS_ASSERTIONS = NO;
				ENABLE_STRICT_OBJC_MSGSEND = YES;
				GCC_C_LANGUAGE_STANDARD = gnu99;
				GCC_NO_COMMON_BLOCKS = YES;
				GCC_WARN_64_TO_32_BIT_CONVERSION = YES;
				GCC_WARN_ABOUT_RETURN_TYPE = YES_ERROR;
				GCC_WARN_UNDECLARED_SELECTOR = YES;
				GCC_WARN_UNINITIALIZED_AUTOS = YES_AGGRESSIVE;
				GCC_WARN_UNUSED_FUNCTION = YES;
				GCC_WARN_UNUSED_VARIABLE = YES;
				IPHONEOS_DEPLOYMENT_TARGET = 8.2;
				MTL_ENABLE_DEBUG_INFO = NO;
				SDKROOT = iphoneos;
				VALIDATE_PRODUCT = YES;
			};
			name = Release;
		};
		8B69E52A1B8F73F900E82C5F /* Debug */ = {
			isa = XCBuildConfiguration;
			buildSettings = {
				ASSETCATALOG_COMPILER_APPICON_NAME = AppIcon;
				CODE_SIGN_IDENTITY = "iPhone Developer: Senthil Madhvan (N5987U8683)";
				INFOPLIST_FILE = "CDM Go/Info.plist";
				IPHONEOS_DEPLOYMENT_TARGET = 8.2;
				LD_RUNPATH_SEARCH_PATHS = "$(inherited) @executable_path/Frameworks";
				LIBRARY_SEARCH_PATHS = (
					"$(inherited)",
					"$(PROJECT_DIR)/CDM",
					Go/libpushwizard,
				);
				PRODUCT_NAME = "$(TARGET_NAME)";
				SWIFT_OBJC_BRIDGING_HEADER = "/Volumes/Work/dev/POC/CDM-GO/CDM Go/CDM Go/Header.h";
			};
			name = Debug;
		};
		8B69E52B1B8F73F900E82C5F /* Release */ = {
			isa = XCBuildConfiguration;
			buildSettings = {
				ASSETCATALOG_COMPILER_APPICON_NAME = AppIcon;
				CODE_SIGN_IDENTITY = "iPhone Distribution: CLINE DAVIS & MANN LLC";
				INFOPLIST_FILE = "CDM Go/Info.plist";
				IPHONEOS_DEPLOYMENT_TARGET = 8.2;
				LD_RUNPATH_SEARCH_PATHS = "$(inherited) @executable_path/Frameworks";
				LIBRARY_SEARCH_PATHS = (
					"$(inherited)",
					"$(PROJECT_DIR)/CDM",
					Go/libpushwizard,
				);
				PRODUCT_NAME = "$(TARGET_NAME)";
				SWIFT_OBJC_BRIDGING_HEADER = "/Volumes/Work/dev/POC/CDM-GO/CDM Go/CDM Go/Header.h";
			};
			name = Release;
		};
		8B69E52D1B8F73F900E82C5F /* Debug */ = {
			isa = XCBuildConfiguration;
			buildSettings = {
				BUNDLE_LOADER = "$(TEST_HOST)";
				CODE_SIGN_IDENTITY = "iPhone Developer: Senthil Madhvan (N5987U8683)";
				FRAMEWORK_SEARCH_PATHS = (
					"$(SDKROOT)/Developer/Library/Frameworks",
					"$(inherited)",
				);
				GCC_PREPROCESSOR_DEFINITIONS = (
					"DEBUG=1",
					"$(inherited)",
				);
				INFOPLIST_FILE = "CDM GoTests/Info.plist";
				LD_RUNPATH_SEARCH_PATHS = "$(inherited) @executable_path/Frameworks @loader_path/Frameworks";
				PRODUCT_NAME = "$(TARGET_NAME)";
				TEST_HOST = "$(BUILT_PRODUCTS_DIR)/CDM Go.app/CDM Go";
			};
			name = Debug;
		};
		8B69E52E1B8F73F900E82C5F /* Release */ = {
			isa = XCBuildConfiguration;
			buildSettings = {
				BUNDLE_LOADER = "$(TEST_HOST)";
				CODE_SIGN_IDENTITY = "iPhone Distribution: CLINE DAVIS & MANN LLC";
				FRAMEWORK_SEARCH_PATHS = (
					"$(SDKROOT)/Developer/Library/Frameworks",
					"$(inherited)",
				);
				INFOPLIST_FILE = "CDM GoTests/Info.plist";
				LD_RUNPATH_SEARCH_PATHS = "$(inherited) @executable_path/Frameworks @loader_path/Frameworks";
				PRODUCT_NAME = "$(TARGET_NAME)";
				TEST_HOST = "$(BUILT_PRODUCTS_DIR)/CDM Go.app/CDM Go";
			};
			name = Release;
		};
		8B69E5521B8F742900E82C5F /* Debug */ = {
			isa = XCBuildConfiguration;
			buildSettings = {
				ASSETCATALOG_COMPILER_APPICON_NAME = AppIcon;
				CODE_SIGN_IDENTITY = "iPhone Developer: Senthil Madhvan (N5987U8683)";
				GCC_PREPROCESSOR_DEFINITIONS = (
					"DEBUG=1",
					"$(inherited)",
				);
				IBSC_MODULE = CDM_Go_WatchKit_Extension;
				INFOPLIST_FILE = "CDM Go WatchKit App/Info.plist";
				IPHONEOS_DEPLOYMENT_TARGET = 8.2;
				PRODUCT_NAME = "$(TARGET_NAME)";
				PROVISIONING_PROFILE = "";
				SKIP_INSTALL = YES;
				TARGETED_DEVICE_FAMILY = 4;
				"TARGETED_DEVICE_FAMILY[sdk=iphonesimulator*]" = "1,4";
			};
			name = Debug;
		};
		8B69E5531B8F742900E82C5F /* Release */ = {
			isa = XCBuildConfiguration;
			buildSettings = {
				ASSETCATALOG_COMPILER_APPICON_NAME = AppIcon;
				CODE_SIGN_IDENTITY = "iPhone Distribution: CLINE DAVIS & MANN LLC";
				IBSC_MODULE = CDM_Go_WatchKit_Extension;
				INFOPLIST_FILE = "CDM Go WatchKit App/Info.plist";
				IPHONEOS_DEPLOYMENT_TARGET = 8.2;
				PRODUCT_NAME = "$(TARGET_NAME)";
				PROVISIONING_PROFILE = "";
				SKIP_INSTALL = YES;
				TARGETED_DEVICE_FAMILY = 4;
				"TARGETED_DEVICE_FAMILY[sdk=iphonesimulator*]" = "1,4";
			};
			name = Release;
		};
		8B69E5551B8F742900E82C5F /* Debug */ = {
			isa = XCBuildConfiguration;
			buildSettings = {
				CODE_SIGN_IDENTITY = "iPhone Developer: Senthil Madhvan (N5987U8683)";
				GCC_PREPROCESSOR_DEFINITIONS = (
					"DEBUG=1",
					"$(inherited)",
				);
				INFOPLIST_FILE = "CDM Go WatchKit Extension/Info.plist";
				IPHONEOS_DEPLOYMENT_TARGET = 8.2;
				LD_RUNPATH_SEARCH_PATHS = "$(inherited) @executable_path/Frameworks @executable_path/../../Frameworks";
				PRODUCT_NAME = "${TARGET_NAME}";
				PROVISIONING_PROFILE = "";
				SKIP_INSTALL = YES;
			};
			name = Debug;
		};
		8B69E5561B8F742900E82C5F /* Release */ = {
			isa = XCBuildConfiguration;
			buildSettings = {
				CODE_SIGN_IDENTITY = "iPhone Distribution: CLINE DAVIS & MANN LLC";
				INFOPLIST_FILE = "CDM Go WatchKit Extension/Info.plist";
				IPHONEOS_DEPLOYMENT_TARGET = 8.2;
				LD_RUNPATH_SEARCH_PATHS = "$(inherited) @executable_path/Frameworks @executable_path/../../Frameworks";
				PRODUCT_NAME = "${TARGET_NAME}";
				PROVISIONING_PROFILE = "";
				SKIP_INSTALL = YES;
			};
			name = Release;
		};
/* End XCBuildConfiguration section */

/* Begin XCConfigurationList section */
		8B69E5051B8F73F900E82C5F /* Build configuration list for PBXProject "CDM Go" */ = {
			isa = XCConfigurationList;
			buildConfigurations = (
				8B69E5271B8F73F900E82C5F /* Debug */,
				8B69E5281B8F73F900E82C5F /* Release */,
			);
			defaultConfigurationIsVisible = 0;
			defaultConfigurationName = Release;
		};
		8B69E5291B8F73F900E82C5F /* Build configuration list for PBXNativeTarget "CDM Go" */ = {
			isa = XCConfigurationList;
			buildConfigurations = (
				8B69E52A1B8F73F900E82C5F /* Debug */,
				8B69E52B1B8F73F900E82C5F /* Release */,
			);
			defaultConfigurationIsVisible = 0;
			defaultConfigurationName = Release;
		};
		8B69E52C1B8F73F900E82C5F /* Build configuration list for PBXNativeTarget "CDM GoTests" */ = {
			isa = XCConfigurationList;
			buildConfigurations = (
				8B69E52D1B8F73F900E82C5F /* Debug */,
				8B69E52E1B8F73F900E82C5F /* Release */,
			);
			defaultConfigurationIsVisible = 0;
			defaultConfigurationName = Release;
		};
		8B69E5511B8F742900E82C5F /* Build configuration list for PBXNativeTarget "CDM Go WatchKit App" */ = {
			isa = XCConfigurationList;
			buildConfigurations = (
				8B69E5521B8F742900E82C5F /* Debug */,
				8B69E5531B8F742900E82C5F /* Release */,
			);
			defaultConfigurationIsVisible = 0;
			defaultConfigurationName = Release;
		};
		8B69E5541B8F742900E82C5F /* Build configuration list for PBXNativeTarget "CDM Go WatchKit Extension" */ = {
			isa = XCConfigurationList;
			buildConfigurations = (
				8B69E5551B8F742900E82C5F /* Debug */,
				8B69E5561B8F742900E82C5F /* Release */,
			);
			defaultConfigurationIsVisible = 0;
			defaultConfigurationName = Release;
		};
/* End XCConfigurationList section */
	};
	rootObject = 8B69E5021B8F73F900E82C5F /* Project object */;
}
